<?xml version="1.0" encoding="utf-8"?>
<Project ToolsVersion="4.0" xmlns="http://schemas.microsoft.com/developer/msbuild/2003">
  <ItemGroup>
    <Filter Include="Source Files">
      <UniqueIdentifier>{4FC737F1-C7A5-4376-A066-2A32D752A2FF}</UniqueIdentifier>
      <Extensions>cpp;c;cc;cxx;def;odl;idl;hpj;bat;asm;asmx</Extensions>
    </Filter>
    <Filter Include="Header Files">
      <UniqueIdentifier>{93995380-89BD-4b04-88EB-625FBE52EBFB}</UniqueIdentifier>
      <Extensions>h;hpp;hxx;hm;inl;inc;xsd</Extensions>
    </Filter>
    <Filter Include="Resource Files">
      <UniqueIdentifier>{67DA6AB6-F800-4c08-8B7A-83BB121AAD01}</UniqueIdentifier>
      <Extensions>rc;ico;cur;bmp;dlg;rc2;rct;bin;rgs;gif;jpg;jpeg;jpe;resx;tiff;tif;png;wav</Extensions>
    </Filter>
  </ItemGroup>
  <ItemGroup>
    <ClCompile Include="game.cpp">
      <Filter>Source Files</Filter>
    </ClCompile>
    <ClCompile Include="graphics.cpp">
      <Filter>Source Files</Filter>
    </ClCompile>
    <ClCompile Include="input.cpp">
      <Filter>Source Files</Filter>
    </ClCompile>
    <ClCompile Include="winmain.cpp">
      <Filter>Source Files</Filter>
    </ClCompile>
    <ClCompile Include="image.cpp">
      <Filter>Source Files</Filter>
    </ClCompile>
    <ClCompile Include="entity.cpp">
      <Filter>Source Files</Filter>
    </ClCompile>
    <ClCompile Include="textureManager.cpp">
      <Filter>Source Files</Filter>
    </ClCompile>
    <ClCompile Include="MoveComponent.cpp">
      <Filter>Source Files</Filter>
    </ClCompile>
    <ClCompile Include="HealthComponent.cpp">
      <Filter>Source Files</Filter>
    </ClCompile>
    <ClCompile Include="Cipher.cpp">
      <Filter>Source Files</Filter>
    </ClCompile>
    <ClCompile Include="ItemPortal.cpp">
      <Filter>Source Files</Filter>
    </ClCompile>
    <ClCompile Include="Skill.cpp">
      <Filter>Source Files</Filter>
    </ClCompile>
    <ClCompile Include="projectile.cpp">
      <Filter>Source Files</Filter>
    </ClCompile>
    <ClCompile Include="characters.cpp">
      <Filter>Source Files</Filter>
    </ClCompile>
    <ClCompile Include="Cyrax.cpp">
      <Filter>Source Files</Filter>
    </ClCompile>
    <ClCompile Include="Freid.cpp">
      <Filter>Source Files</Filter>
    </ClCompile>
    <ClCompile Include="Agent47.cpp">
      <Filter>Source Files</Filter>
    </ClCompile>
    <ClCompile Include="Necrid.cpp">
      <Filter>Source Files</Filter>
    </ClCompile>
    <ClCompile Include="Agent47QComponent.cpp">
      <Filter>Source Files</Filter>
    </ClCompile>
    <ClCompile Include="Agent47WComponent.cpp">
      <Filter>Source Files</Filter>
    </ClCompile>
    <ClCompile Include="Agent47EComponent.cpp">
      <Filter>Source Files</Filter>
    </ClCompile>
    <ClCompile Include="Agent47RComponent.cpp">
      <Filter>Source Files</Filter>
    </ClCompile>
    <ClCompile Include="CyraxQComponent.cpp">
      <Filter>Source Files</Filter>
    </ClCompile>
    <ClCompile Include="CyraxWComponent.cpp">
      <Filter>Source Files</Filter>
    </ClCompile>
    <ClCompile Include="CyraxEComponent.cpp">
      <Filter>Source Files</Filter>
    </ClCompile>
    <ClCompile Include="CyraxRComponent.cpp">
      <Filter>Source Files</Filter>
    </ClCompile>
    <ClCompile Include="FreidQComponent.cpp">
      <Filter>Source Files</Filter>
    </ClCompile>
    <ClCompile Include="FreidWComponent.cpp">
      <Filter>Source Files</Filter>
    </ClCompile>
    <ClCompile Include="FreidEComponent.cpp">
      <Filter>Source Files</Filter>
    </ClCompile>
    <ClCompile Include="FreidRComponent.cpp">
      <Filter>Source Files</Filter>
    </ClCompile>
    <ClCompile Include="NecridQComponent.cpp">
      <Filter>Source Files</Filter>
    </ClCompile>
    <ClCompile Include="NecridWComponent.cpp">
      <Filter>Source Files</Filter>
    </ClCompile>
    <ClCompile Include="NecridEComponent.cpp">
      <Filter>Source Files</Filter>
    </ClCompile>
    <ClCompile Include="NecridRComponent.cpp">
      <Filter>Source Files</Filter>
    </ClCompile>
  </ItemGroup>
  <ItemGroup>
    <ClInclude Include="constants.h">
      <Filter>Header Files</Filter>
    </ClInclude>
    <ClInclude Include="game.h">
      <Filter>Header Files</Filter>
    </ClInclude>
    <ClInclude Include="graphics.h">
      <Filter>Header Files</Filter>
    </ClInclude>
    <ClInclude Include="input.h">
      <Filter>Header Files</Filter>
    </ClInclude>
    <ClInclude Include="image.h">
      <Filter>Header Files</Filter>
    </ClInclude>
    <ClInclude Include="entity.h">
      <Filter>Header Files</Filter>
    </ClInclude>
    <ClInclude Include="textureManager.h">
      <Filter>Header Files</Filter>
    </ClInclude>
    <ClInclude Include="gameError.h">
      <Filter>Header Files</Filter>
    </ClInclude>
    <ClInclude Include="MoveComponent.h">
      <Filter>Header Files</Filter>
    </ClInclude>
    <ClInclude Include="HealthComponent.h">
      <Filter>Header Files</Filter>
    </ClInclude>
    <ClInclude Include="Cipher.h">
      <Filter>Header Files</Filter>
    </ClInclude>
    <ClInclude Include="ItemPortal.h">
      <Filter>Header Files</Filter>
    </ClInclude>
    <ClInclude Include="Skill.h">
      <Filter>Header Files</Filter>
    </ClInclude>
    <ClInclude Include="projectile.h">
      <Filter>Header Files</Filter>
    </ClInclude>
    <ClInclude Include="characters.h">
      <Filter>Header Files</Filter>
    </ClInclude>
    <ClInclude Include="Cyrax.h">
      <Filter>Header Files</Filter>
    </ClInclude>
    <ClInclude Include="Freid.h">
      <Filter>Header Files</Filter>
    </ClInclude>
    <ClInclude Include="Agent47.h">
      <Filter>Header Files</Filter>
    </ClInclude>
    <ClInclude Include="Necrid.h">
      <Filter>Header Files</Filter>
    </ClInclude>
    <ClInclude Include="Agent47QComponent.h">
      <Filter>Header Files</Filter>
    </ClInclude>
    <ClInclude Include="Agent47WComponent.h">
      <Filter>Header Files</Filter>
    </ClInclude>
    <ClInclude Include="Agent47EComponent.h">
      <Filter>Header Files</Filter>
    </ClInclude>
    <ClInclude Include="Agent47RComponent.h">
      <Filter>Header Files</Filter>
    </ClInclude>
    <ClInclude Include="CyraxQComponent.h">
      <Filter>Header Files</Filter>
    </ClInclude>
    <ClInclude Include="CyraxWComponent.h">
      <Filter>Header Files</Filter>
    </ClInclude>
    <ClInclude Include="CyraxEComponent.h">
      <Filter>Header Files</Filter>
    </ClInclude>
    <ClInclude Include="CyraxRComponent.h">
      <Filter>Header Files</Filter>
    </ClInclude>
    <ClInclude Include="FreidQComponent.h">
      <Filter>Header Files</Filter>
    </ClInclude>
    <ClInclude Include="FreidWComponent.h">
      <Filter>Header Files</Filter>
    </ClInclude>
    <ClInclude Include="FreidEComponent.h">
      <Filter>Header Files</Filter>
    </ClInclude>
    <ClInclude Include="FreidRComponent.h">
      <Filter>Header Files</Filter>
    </ClInclude>
    <ClInclude Include="NecridQComponent.h">
      <Filter>Header Files</Filter>
    </ClInclude>
    <ClInclude Include="NecridWComponent.h">
      <Filter>Header Files</Filter>
    </ClInclude>
    <ClInclude Include="NecridEComponent.h">
      <Filter>Header Files</Filter>
    </ClInclude>
    <ClInclude Include="NecridRComponent.h">
      <Filter>Header Files</Filter>
    </ClInclude>
  </ItemGroup>
</Project>